
Microsoft Visual Studio Solution File, Format Version 12.00
# Visual Studio Version 17
VisualStudioVersion = 17.5.33414.496
MinimumVisualStudioVersion = 10.0.40219.1
Project("{FAE04EC0-301F-11D3-BF4B-00C04F79EFBC}") = "D3_ovn_1_2_MUD", "D3_ovn_1_2_MUD.csproj", "{DFAEFBD7-5F3C-4C6F-BB1E-C192FCEA91C1}"
EndProject
Global
	GlobalSection(SolutionConfigurationPlatforms) = preSolution
		Debug|Any CPU = Debug|Any CPU
		Release|Any CPU = Release|Any CPU
	EndGlobalSection
	GlobalSection(ProjectConfigurationPlatforms) = postSolution
		{DFAEFBD7-5F3C-4C6F-BB1E-C192FCEA91C1}.Debug|Any CPU.ActiveCfg = Debug|Any CPU
		{DFAEFBD7-5F3C-4C6F-BB1E-C192FCEA91C1}.Debug|Any CPU.Build.0 = Debug|Any CPU
		{DFAEFBD7-5F3C-4C6F-BB1E-C192FCEA91C1}.Release|Any CPU.ActiveCfg = Release|Any CPU
		{DFAEFBD7-5F3C-4C6F-BB1E-C192FCEA91C1}.Release|Any CPU.Build.0 = Release|Any CPU
	EndGlobalSection
	GlobalSection(SolutionProperties) = preSolution
		HideSolutionNode = FALSE
	EndGlobalSection
	GlobalSection(ExtensibilityGlobals) = postSolution
		SolutionGuid = {6D80D4B8-F99E-444C-AB53-67B7957AA505}
	EndGlobalSection
EndGlobal
